
Microsoft Visual Studio Solution File, Format Version 12.00
# Visual Studio Version 17
VisualStudioVersion = 17.14.36221.1
MinimumVisualStudioVersion = 10.0.40219.1
Project("{FAE04EC0-301F-11D3-BF4B-00C04F79EFBC}") = "ModulaLocal.Android", "ModulaLocal\ModulaLocal.Android\ModulaLocal.Android.csproj", "{FB121868-4889-46A9-BD26-3D728EC74242}"
EndProject
Project("{FAE04EC0-301F-11D3-BF4B-00C04F79EFBC}") = "ModulaLocal", "ModulaLocal\ModulaLocal\ModulaLocal.csproj", "{43633F2B-49CC-479C-BB50-7715B46DAF12}"
EndProject
Project("{2150E333-8FDC-42A3-9474-1A3956D46DE8}") = "Solution Items", "Solution Items", "{8EC462FD-D22E-90A8-E5CE-7E832BA40C5D}"
	ProjectSection(SolutionItems) = preProject
		.gitignore = .gitignore
	EndProjectSection
EndProject
Global
	GlobalSection(SolutionConfigurationPlatforms) = preSolution
		Debug|Any CPU = Debug|Any CPU
		Release|Any CPU = Release|Any CPU
	EndGlobalSection
	GlobalSection(ProjectConfigurationPlatforms) = postSolution
		{FB121868-4889-46A9-BD26-3D728EC74242}.Debug|Any CPU.ActiveCfg = Debug|Any CPU
		{FB121868-4889-46A9-BD26-3D728EC74242}.Debug|Any CPU.Build.0 = Debug|Any CPU
		{FB121868-4889-46A9-BD26-3D728EC74242}.Debug|Any CPU.Deploy.0 = Debug|Any CPU
		{FB121868-4889-46A9-BD26-3D728EC74242}.Release|Any CPU.ActiveCfg = Release|Any CPU
		{FB121868-4889-46A9-BD26-3D728EC74242}.Release|Any CPU.Build.0 = Release|Any CPU
		{FB121868-4889-46A9-BD26-3D728EC74242}.Release|Any CPU.Deploy.0 = Release|Any CPU
		{43633F2B-49CC-479C-BB50-7715B46DAF12}.Debug|Any CPU.ActiveCfg = Debug|Any CPU
		{43633F2B-49CC-479C-BB50-7715B46DAF12}.Debug|Any CPU.Build.0 = Debug|Any CPU
		{43633F2B-49CC-479C-BB50-7715B46DAF12}.Debug|Any CPU.Deploy.0 = Debug|Any CPU
		{43633F2B-49CC-479C-BB50-7715B46DAF12}.Release|Any CPU.ActiveCfg = Release|Any CPU
		{43633F2B-49CC-479C-BB50-7715B46DAF12}.Release|Any CPU.Build.0 = Release|Any CPU
		{43633F2B-49CC-479C-BB50-7715B46DAF12}.Release|Any CPU.Deploy.0 = Release|Any CPU
	EndGlobalSection
	GlobalSection(SolutionProperties) = preSolution
		HideSolutionNode = FALSE
	EndGlobalSection
	GlobalSection(ExtensibilityGlobals) = postSolution
		SolutionGuid = {747CCB25-74FA-4001-A1B5-CEA86245BC48}
	EndGlobalSection
EndGlobal
